version = 1
revision = 3
requires-python = ">=3.13"

[[package]]
name = "consistent-hashing-lessons"
version = "0.1.0"
source = { virtual = "." }
dependencies = [
    { name = "mmh3" },
]

[package.metadata]
requires-dist = [{ name = "mmh3", specifier = ">=5.2.0" }]

[[package]]
name = "mmh3"
version = "5.2.0"
source = { registry = "https://pypi.org/simple" }
sdist = { url = "https://files.pythonhosted.org/packages/a7/af/f28c2c2f51f31abb4725f9a64bc7863d5f491f6539bd26aee2a1d21a649e/mmh3-5.2.0.tar.gz", hash = "sha256:1efc8fec8478e9243a78bb993422cf79f8ff85cb4cf6b79647480a31e0d950a8", size = 33582, upload-time = "2025-07-29T07:43:48.49Z" }
wheels = [
    { url = "https://files.pythonhosted.org/packages/d8/fa/27f6ab93995ef6ad9f940e96593c5dd24744d61a7389532b0fec03745607/mmh3-5.2.0-cp313-cp313-android_21_arm64_v8a.whl", hash = "sha256:e79c00eba78f7258e5b354eccd4d7907d60317ced924ea4a5f2e9d83f5453065", size = 40874, upload-time = "2025-07-29T07:42:30.662Z" },
    { url = "https://files.pythonhosted.org/packages/11/9c/03d13bcb6a03438bc8cac3d2e50f80908d159b31a4367c2e1a7a077ded32/mmh3-5.2.0-cp313-cp313-android_21_x86_64.whl", hash = "sha256:956127e663d05edbeec54df38885d943dfa27406594c411139690485128525de", size = 42012, upload-time = "2025-07-29T07:42:31.539Z" },
    { url = "https://files.pythonhosted.org/packages/4e/78/0865d9765408a7d504f1789944e678f74e0888b96a766d578cb80b040999/mmh3-5.2.0-cp313-cp313-ios_13_0_arm64_iphoneos.whl", hash = "sha256:c3dca4cb5b946ee91b3d6bb700d137b1cd85c20827f89fdf9c16258253489044", size = 39197, upload-time = "2025-07-29T07:42:32.374Z" },
    { url = "https://files.pythonhosted.org/packages/3e/12/76c3207bd186f98b908b6706c2317abb73756d23a4e68ea2bc94825b9015/mmh3-5.2.0-cp313-cp313-ios_13_0_arm64_iphonesimulator.whl", hash = "sha256:e651e17bfde5840e9e4174b01e9e080ce49277b70d424308b36a7969d0d1af73", size = 39840, upload-time = "2025-07-29T07:42:33.227Z" },
    { url = "https://files.pythonhosted.org/packages/5d/0d/574b6cce5555c9f2b31ea189ad44986755eb14e8862db28c8b834b8b64dc/mmh3-5.2.0-cp313-cp313-ios_13_0_x86_64_iphonesimulator.whl", hash = "sha256:9f64bf06f4bf623325fda3a6d02d36cd69199b9ace99b04bb2d7fd9f89688504", size = 40644, upload-time = "2025-07-29T07:42:34.099Z" },
    { url = "https://files.pythonhosted.org/packages/52/82/3731f8640b79c46707f53ed72034a58baad400be908c87b0088f1f89f986/mmh3-5.2.0-cp313-cp313-macosx_10_13_universal2.whl", hash = "sha256:ddc63328889bcaee77b743309e5c7d2d52cee0d7d577837c91b6e7cc9e755e0b", size = 56153, upload-time = "2025-07-29T07:42:35.031Z" },
    { url = "https://files.pythonhosted.org/packages/4f/34/e02dca1d4727fd9fdeaff9e2ad6983e1552804ce1d92cc796e5b052159bb/mmh3-5.2.0-cp313-cp313-macosx_10_13_x86_64.whl", hash = "sha256:bb0fdc451fb6d86d81ab8f23d881b8d6e37fc373a2deae1c02d27002d2ad7a05", size = 40684, upload-time = "2025-07-29T07:42:35.914Z" },
    { url = "https://files.pythonhosted.org/packages/8f/36/3dee40767356e104967e6ed6d102ba47b0b1ce2a89432239b95a94de1b89/mmh3-5.2.0-cp313-cp313-macosx_11_0_arm64.whl", hash = "sha256:b29044e1ffdb84fe164d0a7ea05c7316afea93c00f8ed9449cf357c36fc4f814", size = 40057, upload-time = "2025-07-29T07:42:36.755Z" },
    { url = "https://files.pythonhosted.org/packages/31/58/228c402fccf76eb39a0a01b8fc470fecf21965584e66453b477050ee0e99/mmh3-5.2.0-cp313-cp313-manylinux1_i686.manylinux_2_28_i686.manylinux_2_5_i686.whl", hash = "sha256:58981d6ea9646dbbf9e59a30890cbf9f610df0e4a57dbfe09215116fd90b0093", size = 97344, upload-time = "2025-07-29T07:42:37.675Z" },
    { url = "https://files.pythonhosted.org/packages/34/82/fc5ce89006389a6426ef28e326fc065b0fbaaed230373b62d14c889f47ea/mmh3-5.2.0-cp313-cp313-manylinux1_x86_64.manylinux_2_28_x86_64.manylinux_2_5_x86_64.whl", hash = "sha256:7e5634565367b6d98dc4aa2983703526ef556b3688ba3065edb4b9b90ede1c54", size = 103325, upload-time = "2025-07-29T07:42:38.591Z" },
    { url = "https://files.pythonhosted.org/packages/09/8c/261e85777c6aee1ebd53f2f17e210e7481d5b0846cd0b4a5c45f1e3761b8/mmh3-5.2.0-cp313-cp313-manylinux2014_aarch64.manylinux_2_17_aarch64.manylinux_2_28_aarch64.whl", hash = "sha256:b0271ac12415afd3171ab9a3c7cbfc71dee2c68760a7dc9d05bf8ed6ddfa3a7a", size = 106240, upload-time = "2025-07-29T07:42:39.563Z" },
    { url = "https://files.pythonhosted.org/packages/70/73/2f76b3ad8a3d431824e9934403df36c0ddacc7831acf82114bce3c4309c8/mmh3-5.2.0-cp313-cp313-manylinux2014_ppc64le.manylinux_2_17_ppc64le.manylinux_2_28_ppc64le.whl", hash = "sha256:45b590e31bc552c6f8e2150ff1ad0c28dd151e9f87589e7eaf508fbdd8e8e908", size = 113060, upload-time = "2025-07-29T07:42:40.585Z" },
    { url = "https://files.pythonhosted.org/packages/9f/b9/7ea61a34e90e50a79a9d87aa1c0b8139a7eaf4125782b34b7d7383472633/mmh3-5.2.0-cp313-cp313-manylinux2014_s390x.manylinux_2_17_s390x.manylinux_2_28_s390x.whl", hash = "sha256:bdde97310d59604f2a9119322f61b31546748499a21b44f6715e8ced9308a6c5", size = 120781, upload-time = "2025-07-29T07:42:41.618Z" },
    { url = "https://files.pythonhosted.org/packages/0f/5b/ae1a717db98c7894a37aeedbd94b3f99e6472a836488f36b6849d003485b/mmh3-5.2.0-cp313-cp313-musllinux_1_2_aarch64.whl", hash = "sha256:fc9c5f280438cf1c1a8f9abb87dc8ce9630a964120cfb5dd50d1e7ce79690c7a", size = 99174, upload-time = "2025-07-29T07:42:42.587Z" },
    { url = "https://files.pythonhosted.org/packages/e3/de/000cce1d799fceebb6d4487ae29175dd8e81b48e314cba7b4da90bcf55d7/mmh3-5.2.0-cp313-cp313-musllinux_1_2_i686.whl", hash = "sha256:c903e71fd8debb35ad2a4184c1316b3cb22f64ce517b4e6747f25b0a34e41266", size = 98734, upload-time = "2025-07-29T07:42:43.996Z" },
    { url = "https://files.pythonhosted.org/packages/79/19/0dc364391a792b72fbb22becfdeacc5add85cc043cd16986e82152141883/mmh3-5.2.0-cp313-cp313-musllinux_1_2_ppc64le.whl", hash = "sha256:eed4bba7ff8a0d37106ba931ab03bdd3915fbb025bcf4e1f0aa02bc8114960c5", size = 106493, upload-time = "2025-07-29T07:42:45.07Z" },
    { url = "https://files.pythonhosted.org/packages/3c/b1/bc8c28e4d6e807bbb051fefe78e1156d7f104b89948742ad310612ce240d/mmh3-5.2.0-cp313-cp313-musllinux_1_2_s390x.whl", hash = "sha256:1fdb36b940e9261aff0b5177c5b74a36936b902f473180f6c15bde26143681a9", size = 110089, upload-time = "2025-07-29T07:42:46.122Z" },
    { url = "https://files.pythonhosted.org/packages/3b/a2/d20f3f5c95e9c511806686c70d0a15479cc3941c5f322061697af1c1ff70/mmh3-5.2.0-cp313-cp313-musllinux_1_2_x86_64.whl", hash = "sha256:7303aab41e97adcf010a09efd8f1403e719e59b7705d5e3cfed3dd7571589290", size = 97571, upload-time = "2025-07-29T07:42:47.18Z" },
    { url = "https://files.pythonhosted.org/packages/7b/23/665296fce4f33488deec39a750ffd245cfc07aafb0e3ef37835f91775d14/mmh3-5.2.0-cp313-cp313-win32.whl", hash = "sha256:03e08c6ebaf666ec1e3d6ea657a2d363bb01effd1a9acfe41f9197decaef0051", size = 40806, upload-time = "2025-07-29T07:42:48.166Z" },
    { url = "https://files.pythonhosted.org/packages/59/b0/92e7103f3b20646e255b699e2d0327ce53a3f250e44367a99dc8be0b7c7a/mmh3-5.2.0-cp313-cp313-win_amd64.whl", hash = "sha256:7fddccd4113e7b736706e17a239a696332360cbaddf25ae75b57ba1acce65081", size = 41600, upload-time = "2025-07-29T07:42:49.371Z" },
    { url = "https://files.pythonhosted.org/packages/99/22/0b2bd679a84574647de538c5b07ccaa435dbccc37815067fe15b90fe8dad/mmh3-5.2.0-cp313-cp313-win_arm64.whl", hash = "sha256:fa0c966ee727aad5406d516375593c5f058c766b21236ab8985693934bb5085b", size = 39349, upload-time = "2025-07-29T07:42:50.268Z" },
    { url = "https://files.pythonhosted.org/packages/f7/ca/a20db059a8a47048aaf550da14a145b56e9c7386fb8280d3ce2962dcebf7/mmh3-5.2.0-cp314-cp314-ios_13_0_arm64_iphoneos.whl", hash = "sha256:e5015f0bb6eb50008bed2d4b1ce0f2a294698a926111e4bb202c0987b4f89078", size = 39209, upload-time = "2025-07-29T07:42:51.559Z" },
    { url = "https://files.pythonhosted.org/packages/98/dd/e5094799d55c7482d814b979a0fd608027d0af1b274bfb4c3ea3e950bfd5/mmh3-5.2.0-cp314-cp314-ios_13_0_arm64_iphonesimulator.whl", hash = "sha256:e0f3ed828d709f5b82d8bfe14f8856120718ec4bd44a5b26102c3030a1e12501", size = 39843, upload-time = "2025-07-29T07:42:52.536Z" },
    { url = "https://files.pythonhosted.org/packages/f4/6b/7844d7f832c85400e7cc89a1348e4e1fdd38c5a38415bb5726bbb8fcdb6c/mmh3-5.2.0-cp314-cp314-ios_13_0_x86_64_iphonesimulator.whl", hash = "sha256:f35727c5118aba95f0397e18a1a5b8405425581bfe53e821f0fb444cbdc2bc9b", size = 40648, upload-time = "2025-07-29T07:42:53.392Z" },
    { url = "https://files.pythonhosted.org/packages/1f/bf/71f791f48a21ff3190ba5225807cbe4f7223360e96862c376e6e3fb7efa7/mmh3-5.2.0-cp314-cp314-macosx_10_13_universal2.whl", hash = "sha256:3bc244802ccab5220008cb712ca1508cb6a12f0eb64ad62997156410579a1770", size = 56164, upload-time = "2025-07-29T07:42:54.267Z" },
    { url = "https://files.pythonhosted.org/packages/70/1f/f87e3d34d83032b4f3f0f528c6d95a98290fcacf019da61343a49dccfd51/mmh3-5.2.0-cp314-cp314-macosx_10_13_x86_64.whl", hash = "sha256:ff3d50dc3fe8a98059f99b445dfb62792b5d006c5e0b8f03c6de2813b8376110", size = 40692, upload-time = "2025-07-29T07:42:55.234Z" },
    { url = "https://files.pythonhosted.org/packages/a6/e2/db849eaed07117086f3452feca8c839d30d38b830ac59fe1ce65af8be5ad/mmh3-5.2.0-cp314-cp314-macosx_11_0_arm64.whl", hash = "sha256:37a358cc881fe796e099c1db6ce07ff757f088827b4e8467ac52b7a7ffdca647", size = 40068, upload-time = "2025-07-29T07:42:56.158Z" },
    { url = "https://files.pythonhosted.org/packages/df/6b/209af927207af77425b044e32f77f49105a0b05d82ff88af6971d8da4e19/mmh3-5.2.0-cp314-cp314-manylinux1_i686.manylinux_2_28_i686.manylinux_2_5_i686.whl", hash = "sha256:b9a87025121d1c448f24f27ff53a5fe7b6ef980574b4a4f11acaabe702420d63", size = 97367, upload-time = "2025-07-29T07:42:57.037Z" },
    { url = "https://files.pythonhosted.org/packages/ca/e0/78adf4104c425606a9ce33fb351f790c76a6c2314969c4a517d1ffc92196/mmh3-5.2.0-cp314-cp314-manylinux1_x86_64.manylinux_2_28_x86_64.manylinux_2_5_x86_64.whl", hash = "sha256:1ba55d6ca32eeef8b2625e1e4bfc3b3db52bc63014bd7e5df8cc11bf2b036b12", size = 103306, upload-time = "2025-07-29T07:42:58.522Z" },
    { url = "https://files.pythonhosted.org/packages/a3/79/c2b89f91b962658b890104745b1b6c9ce38d50a889f000b469b91eeb1b9e/mmh3-5.2.0-cp314-cp314-manylinux2014_aarch64.manylinux_2_17_aarch64.manylinux_2_28_aarch64.whl", hash = "sha256:c9ff37ba9f15637e424c2ab57a1a590c52897c845b768e4e0a4958084ec87f22", size = 106312, upload-time = "2025-07-29T07:42:59.552Z" },
    { url = "https://files.pythonhosted.org/packages/4b/14/659d4095528b1a209be90934778c5ffe312177d51e365ddcbca2cac2ec7c/mmh3-5.2.0-cp314-cp314-manylinux2014_ppc64le.manylinux_2_17_ppc64le.manylinux_2_28_ppc64le.whl", hash = "sha256:a094319ec0db52a04af9fdc391b4d39a1bc72bc8424b47c4411afb05413a44b5", size = 113135, upload-time = "2025-07-29T07:43:00.745Z" },
    { url = "https://files.pythonhosted.org/packages/8d/6f/cd7734a779389a8a467b5c89a48ff476d6f2576e78216a37551a97e9e42a/mmh3-5.2.0-cp314-cp314-manylinux2014_s390x.manylinux_2_17_s390x.manylinux_2_28_s390x.whl", hash = "sha256:c5584061fd3da584659b13587f26c6cad25a096246a481636d64375d0c1f6c07", size = 120775, upload-time = "2025-07-29T07:43:02.124Z" },
    { url = "https://files.pythonhosted.org/packages/1d/ca/8256e3b96944408940de3f9291d7e38a283b5761fe9614d4808fcf27bd62/mmh3-5.2.0-cp314-cp314-musllinux_1_2_aarch64.whl", hash = "sha256:ecbfc0437ddfdced5e7822d1ce4855c9c64f46819d0fdc4482c53f56c707b935", size = 99178, upload-time = "2025-07-29T07:43:03.182Z" },
    { url = "https://files.pythonhosted.org/packages/8a/32/39e2b3cf06b6e2eb042c984dab8680841ac2a0d3ca6e0bea30db1f27b565/mmh3-5.2.0-cp314-cp314-musllinux_1_2_i686.whl", hash = "sha256:7b986d506a8e8ea345791897ba5d8ba0d9d8820cd4fc3e52dbe6de19388de2e7", size = 98738, upload-time = "2025-07-29T07:43:04.207Z" },
    { url = "https://files.pythonhosted.org/packages/61/d3/7bbc8e0e8cf65ebbe1b893ffa0467b7ecd1bd07c3bbf6c9db4308ada22ec/mmh3-5.2.0-cp314-cp314-musllinux_1_2_ppc64le.whl", hash = "sha256:38d899a156549da8ef6a9f1d6f7ef231228d29f8f69bce2ee12f5fba6d6fd7c5", size = 106510, upload-time = "2025-07-29T07:43:05.656Z" },
    { url = "https://files.pythonhosted.org/packages/10/99/b97e53724b52374e2f3859046f0eb2425192da356cb19784d64bc17bb1cf/mmh3-5.2.0-cp314-cp314-musllinux_1_2_s390x.whl", hash = "sha256:d86651fa45799530885ba4dab3d21144486ed15285e8784181a0ab37a4552384", size = 110053, upload-time = "2025-07-29T07:43:07.204Z" },
    { url = "https://files.pythonhosted.org/packages/ac/62/3688c7d975ed195155671df68788c83fed6f7909b6ec4951724c6860cb97/mmh3-5.2.0-cp314-cp314-musllinux_1_2_x86_64.whl", hash = "sha256:c463d7c1c4cfc9d751efeaadd936bbba07b5b0ed81a012b3a9f5a12f0872bd6e", size = 97546, upload-time = "2025-07-29T07:43:08.226Z" },
    { url = "https://files.pythonhosted.org/packages/ca/3b/c6153250f03f71a8b7634cded82939546cdfba02e32f124ff51d52c6f991/mmh3-5.2.0-cp314-cp314-win32.whl", hash = "sha256:bb4fe46bdc6104fbc28db7a6bacb115ee6368ff993366bbd8a2a7f0076e6f0c0", size = 41422, upload-time = "2025-07-29T07:43:09.216Z" },
    { url = "https://files.pythonhosted.org/packages/74/01/a27d98bab083a435c4c07e9d1d720d4c8a578bf4c270bae373760b1022be/mmh3-5.2.0-cp314-cp314-win_amd64.whl", hash = "sha256:7c7f0b342fd06044bedd0b6e72177ddc0076f54fd89ee239447f8b271d919d9b", size = 42135, upload-time = "2025-07-29T07:43:10.183Z" },
    { url = "https://files.pythonhosted.org/packages/cb/c9/dbba5507e95429b8b380e2ba091eff5c20a70a59560934dff0ad8392b8c8/mmh3-5.2.0-cp314-cp314-win_arm64.whl", hash = "sha256:3193752fc05ea72366c2b63ff24b9a190f422e32d75fdeae71087c08fff26115", size = 39879, upload-time = "2025-07-29T07:43:11.106Z" },
    { url = "https://files.pythonhosted.org/packages/b5/d1/c8c0ef839c17258b9de41b84f663574fabcf8ac2007b7416575e0f65ff6e/mmh3-5.2.0-cp314-cp314t-macosx_10_13_universal2.whl", hash = "sha256:69fc339d7202bea69ef9bd7c39bfdf9fdabc8e6822a01eba62fb43233c1b3932", size = 57696, upload-time = "2025-07-29T07:43:11.989Z" },
    { url = "https://files.pythonhosted.org/packages/2f/55/95e2b9ff201e89f9fe37036037ab61a6c941942b25cdb7b6a9df9b931993/mmh3-5.2.0-cp314-cp314t-macosx_10_13_x86_64.whl", hash = "sha256:12da42c0a55c9d86ab566395324213c319c73ecb0c239fad4726324212b9441c", size = 41421, upload-time = "2025-07-29T07:43:13.269Z" },
    { url = "https://files.pythonhosted.org/packages/77/79/9be23ad0b7001a4b22752e7693be232428ecc0a35068a4ff5c2f14ef8b20/mmh3-5.2.0-cp314-cp314t-macosx_11_0_arm64.whl", hash = "sha256:f7f9034c7cf05ddfaac8d7a2e63a3c97a840d4615d0a0e65ba8bdf6f8576e3be", size = 40853, upload-time = "2025-07-29T07:43:14.888Z" },
    { url = "https://files.pythonhosted.org/packages/ac/1b/96b32058eda1c1dee8264900c37c359a7325c1f11f5ff14fd2be8e24eff9/mmh3-5.2.0-cp314-cp314t-manylinux1_i686.manylinux_2_28_i686.manylinux_2_5_i686.whl", hash = "sha256:11730eeb16dfcf9674fdea9bb6b8e6dd9b40813b7eb839bc35113649eef38aeb", size = 109694, upload-time = "2025-07-29T07:43:15.816Z" },
    { url = "https://files.pythonhosted.org/packages/8d/6f/a2ae44cd7dad697b6dea48390cbc977b1e5ca58fda09628cbcb2275af064/mmh3-5.2.0-cp314-cp314t-manylinux1_x86_64.manylinux_2_28_x86_64.manylinux_2_5_x86_64.whl", hash = "sha256:932a6eec1d2e2c3c9e630d10f7128d80e70e2d47fe6b8c7ea5e1afbd98733e65", size = 117438, upload-time = "2025-07-29T07:43:16.865Z" },
    { url = "https://files.pythonhosted.org/packages/a0/08/bfb75451c83f05224a28afeaf3950c7b793c0b71440d571f8e819cfb149a/mmh3-5.2.0-cp314-cp314t-manylinux2014_aarch64.manylinux_2_17_aarch64.manylinux_2_28_aarch64.whl", hash = "sha256:3ca975c51c5028947bbcfc24966517aac06a01d6c921e30f7c5383c195f87991", size = 120409, upload-time = "2025-07-29T07:43:18.207Z" },
    { url = "https://files.pythonhosted.org/packages/9f/ea/8b118b69b2ff8df568f742387d1a159bc654a0f78741b31437dd047ea28e/mmh3-5.2.0-cp314-cp314t-manylinux2014_ppc64le.manylinux_2_17_ppc64le.manylinux_2_28_ppc64le.whl", hash = "sha256:5b0b58215befe0f0e120b828f7645e97719bbba9f23b69e268ed0ac7adde8645", size = 125909, upload-time = "2025-07-29T07:43:19.39Z" },
    { url = "https://files.pythonhosted.org/packages/3e/11/168cc0b6a30650032e351a3b89b8a47382da541993a03af91e1ba2501234/mmh3-5.2.0-cp314-cp314t-manylinux2014_s390x.manylinux_2_17_s390x.manylinux_2_28_s390x.whl", hash = "sha256:29c2b9ce61886809d0492a274a5a53047742dea0f703f9c4d5d223c3ea6377d3", size = 135331, upload-time = "2025-07-29T07:43:20.435Z" },
    { url = "https://files.pythonhosted.org/packages/31/05/e3a9849b1c18a7934c64e831492c99e67daebe84a8c2f2c39a7096a830e3/mmh3-5.2.0-cp314-cp314t-musllinux_1_2_aarch64.whl", hash = "sha256:a367d4741ac0103f8198c82f429bccb9359f543ca542b06a51f4f0332e8de279", size = 110085, upload-time = "2025-07-29T07:43:21.92Z" },
    { url = "https://files.pythonhosted.org/packages/d9/d5/a96bcc306e3404601418b2a9a370baec92af84204528ba659fdfe34c242f/mmh3-5.2.0-cp314-cp314t-musllinux_1_2_i686.whl", hash = "sha256:5a5dba98e514fb26241868f6eb90a7f7ca0e039aed779342965ce24ea32ba513", size = 111195, upload-time = "2025-07-29T07:43:23.066Z" },
    { url = "https://files.pythonhosted.org/packages/af/29/0fd49801fec5bff37198684e0849b58e0dab3a2a68382a357cfffb0fafc3/mmh3-5.2.0-cp314-cp314t-musllinux_1_2_ppc64le.whl", hash = "sha256:941603bfd75a46023807511c1ac2f1b0f39cccc393c15039969806063b27e6db", size = 116919, upload-time = "2025-07-29T07:43:24.178Z" },
    { url = "https://files.pythonhosted.org/packages/2d/04/4f3c32b0a2ed762edca45d8b46568fc3668e34f00fb1e0a3b5451ec1281c/mmh3-5.2.0-cp314-cp314t-musllinux_1_2_s390x.whl", hash = "sha256:132dd943451a7c7546978863d2f5a64977928410782e1a87d583cb60eb89e667", size = 123160, upload-time = "2025-07-29T07:43:25.26Z" },
    { url = "https://files.pythonhosted.org/packages/91/76/3d29eaa38821730633d6a240d36fa8ad2807e9dfd432c12e1a472ed211eb/mmh3-5.2.0-cp314-cp314t-musllinux_1_2_x86_64.whl", hash = "sha256:f698733a8a494466432d611a8f0d1e026f5286dee051beea4b3c3146817e35d5", size = 110206, upload-time = "2025-07-29T07:43:26.699Z" },
    { url = "https://files.pythonhosted.org/packages/44/1c/ccf35892684d3a408202e296e56843743e0b4fb1629e59432ea88cdb3909/mmh3-5.2.0-cp314-cp314t-win32.whl", hash = "sha256:6d541038b3fc360ec538fc116de87462627944765a6750308118f8b509a8eec7", size = 41970, upload-time = "2025-07-29T07:43:27.666Z" },
    { url = "https://files.pythonhosted.org/packages/75/b2/b9e4f1e5adb5e21eb104588fcee2cd1eaa8308255173481427d5ecc4284e/mmh3-5.2.0-cp314-cp314t-win_amd64.whl", hash = "sha256:e912b19cf2378f2967d0c08e86ff4c6c360129887f678e27e4dde970d21b3f4d", size = 43063, upload-time = "2025-07-29T07:43:28.582Z" },
    { url = "https://files.pythonhosted.org/packages/6a/fc/0e61d9a4e29c8679356795a40e48f647b4aad58d71bfc969f0f8f56fb912/mmh3-5.2.0-cp314-cp314t-win_arm64.whl", hash = "sha256:e7884931fe5e788163e7b3c511614130c2c59feffdc21112290a194487efb2e9", size = 40455, upload-time = "2025-07-29T07:43:29.563Z" },
]
